
Microsoft Visual Studio Solution File, Format Version 12.00
# Visual Studio Version 16
VisualStudioVersion = 16.0.31605.320
MinimumVisualStudioVersion = 10.0.40219.1
Project("{9A19103F-16F7-4668-BE54-9A1E7A4F7556}") = "CAP", "CAP.csproj", "{1F2166DC-71C1-450D-B47B-FDEA33C25189}"
EndProject
Global
	GlobalSection(SolutionConfigurationPlatforms) = preSolution
		Debug|Any CPU = Debug|Any CPU
		Release|Any CPU = Release|Any CPU
	EndGlobalSection
	GlobalSection(ProjectConfigurationPlatforms) = postSolution
		{1F2166DC-71C1-450D-B47B-FDEA33C25189}.Debug|Any CPU.ActiveCfg = Debug|Any CPU
		{1F2166DC-71C1-450D-B47B-FDEA33C25189}.Debug|Any CPU.Build.0 = Debug|Any CPU
		{1F2166DC-71C1-450D-B47B-FDEA33C25189}.Release|Any CPU.ActiveCfg = Release|Any CPU
		{1F2166DC-71C1-450D-B47B-FDEA33C25189}.Release|Any CPU.Build.0 = Release|Any CPU
	EndGlobalSection
	GlobalSection(SolutionProperties) = preSolution
		HideSolutionNode = FALSE
	EndGlobalSection
	GlobalSection(ExtensibilityGlobals) = postSolution
		SolutionGuid = {4CBEAF58-DB9D-4A24-A3B3-57068CB44FC7}
	EndGlobalSection
EndGlobal
